
Microsoft Visual Studio Solution File, Format Version 12.00
# Visual Studio 15
VisualStudioVersion = 15.0.26730.15
MinimumVisualStudioVersion = 10.0.40219.1
Project("{FAE04EC0-301F-11D3-BF4B-00C04F79EFBC}") = "SupportBank", "SupportBank\SupportBank.csproj", "{195637C2-5602-408F-AAC5-E5370E0DEA91}"
EndProject
Global
	GlobalSection(SolutionConfigurationPlatforms) = preSolution
		Debug|Any CPU = Debug|Any CPU
		Release|Any CPU = Release|Any CPU
	EndGlobalSection
	GlobalSection(ProjectConfigurationPlatforms) = postSolution
		{195637C2-5602-408F-AAC5-E5370E0DEA91}.Debug|Any CPU.ActiveCfg = Debug|Any CPU
		{195637C2-5602-408F-AAC5-E5370E0DEA91}.Debug|Any CPU.Build.0 = Debug|Any CPU
		{195637C2-5602-408F-AAC5-E5370E0DEA91}.Release|Any CPU.ActiveCfg = Release|Any CPU
		{195637C2-5602-408F-AAC5-E5370E0DEA91}.Release|Any CPU.Build.0 = Release|Any CPU
	EndGlobalSection
	GlobalSection(SolutionProperties) = preSolution
		HideSolutionNode = FALSE
	EndGlobalSection
	GlobalSection(ExtensibilityGlobals) = postSolution
		SolutionGuid = {E94D8BB0-5534-43A2-B51A-18ACED5F5829}
	EndGlobalSection
EndGlobal
